
Microsoft Visual Studio Solution File, Format Version 12.00
# Visual Studio 15
VisualStudioVersion = 15.0.27703.2035
MinimumVisualStudioVersion = 10.0.40219.1
Project("{9A19103F-16F7-4668-BE54-9A1E7A4F7556}") = "Api213", "Project\Source\Api213.csproj", "{11CC8F66-87F5-4934-89DE-60A74B9702A9}"
EndProject
Project("{9A19103F-16F7-4668-BE54-9A1E7A4F7556}") = "ApiXUnitTestProject", "Project\ApiXUnitTestProject\ApiXUnitTestProject.csproj", "{A00FAA93-5475-4998-BFF0-83AB20E0E7D2}"
EndProject
Global
	GlobalSection(SolutionConfigurationPlatforms) = preSolution
		Debug|Any CPU = Debug|Any CPU
		Release|Any CPU = Release|Any CPU
	EndGlobalSection
	GlobalSection(ProjectConfigurationPlatforms) = postSolution
		{11CC8F66-87F5-4934-89DE-60A74B9702A9}.Debug|Any CPU.ActiveCfg = Debug|Any CPU
		{11CC8F66-87F5-4934-89DE-60A74B9702A9}.Debug|Any CPU.Build.0 = Debug|Any CPU
		{11CC8F66-87F5-4934-89DE-60A74B9702A9}.Release|Any CPU.ActiveCfg = Release|Any CPU
		{11CC8F66-87F5-4934-89DE-60A74B9702A9}.Release|Any CPU.Build.0 = Release|Any CPU
		{A00FAA93-5475-4998-BFF0-83AB20E0E7D2}.Debug|Any CPU.ActiveCfg = Debug|Any CPU
		{A00FAA93-5475-4998-BFF0-83AB20E0E7D2}.Debug|Any CPU.Build.0 = Debug|Any CPU
		{A00FAA93-5475-4998-BFF0-83AB20E0E7D2}.Release|Any CPU.ActiveCfg = Release|Any CPU
		{A00FAA93-5475-4998-BFF0-83AB20E0E7D2}.Release|Any CPU.Build.0 = Release|Any CPU
	EndGlobalSection
	GlobalSection(SolutionProperties) = preSolution
		HideSolutionNode = FALSE
	EndGlobalSection
	GlobalSection(ExtensibilityGlobals) = postSolution
		SolutionGuid = {50FCCD02-0241-4299-9B5B-EDFB18D82FD6}
	EndGlobalSection
EndGlobal
